
Microsoft Visual Studio Solution File, Format Version 12.00
# Visual Studio 14
VisualStudioVersion = 14.0.25420.1
MinimumVisualStudioVersion = 10.0.40219.1
Project("{FAE04EC0-301F-11D3-BF4B-00C04F79EFBC}") = "1. MathOperation", "1. MathOperation\1. MathOperation.csproj", "{2581422C-BDBA-4A08-859E-A261E25486A9}"
EndProject
Project("{FAE04EC0-301F-11D3-BF4B-00C04F79EFBC}") = "2. Animals", "2. Animals\2. Animals.csproj", "{6B2B8BA0-A5AB-4143-92A4-5DF8658FDB79}"
EndProject
Project("{FAE04EC0-301F-11D3-BF4B-00C04F79EFBC}") = "3. Shapes", "3. Shapes\3. Shapes.csproj", "{5E2ACCF2-CC88-4027-B123-C749E28F22B9}"
EndProject
Global
	GlobalSection(SolutionConfigurationPlatforms) = preSolution
		Debug|Any CPU = Debug|Any CPU
		Release|Any CPU = Release|Any CPU
	EndGlobalSection
	GlobalSection(ProjectConfigurationPlatforms) = postSolution
		{2581422C-BDBA-4A08-859E-A261E25486A9}.Debug|Any CPU.ActiveCfg = Debug|Any CPU
		{2581422C-BDBA-4A08-859E-A261E25486A9}.Debug|Any CPU.Build.0 = Debug|Any CPU
		{2581422C-BDBA-4A08-859E-A261E25486A9}.Release|Any CPU.ActiveCfg = Release|Any CPU
		{2581422C-BDBA-4A08-859E-A261E25486A9}.Release|Any CPU.Build.0 = Release|Any CPU
		{6B2B8BA0-A5AB-4143-92A4-5DF8658FDB79}.Debug|Any CPU.ActiveCfg = Debug|Any CPU
		{6B2B8BA0-A5AB-4143-92A4-5DF8658FDB79}.Debug|Any CPU.Build.0 = Debug|Any CPU
		{6B2B8BA0-A5AB-4143-92A4-5DF8658FDB79}.Release|Any CPU.ActiveCfg = Release|Any CPU
		{6B2B8BA0-A5AB-4143-92A4-5DF8658FDB79}.Release|Any CPU.Build.0 = Release|Any CPU
		{5E2ACCF2-CC88-4027-B123-C749E28F22B9}.Debug|Any CPU.ActiveCfg = Debug|Any CPU
		{5E2ACCF2-CC88-4027-B123-C749E28F22B9}.Debug|Any CPU.Build.0 = Debug|Any CPU
		{5E2ACCF2-CC88-4027-B123-C749E28F22B9}.Release|Any CPU.ActiveCfg = Release|Any CPU
		{5E2ACCF2-CC88-4027-B123-C749E28F22B9}.Release|Any CPU.Build.0 = Release|Any CPU
	EndGlobalSection
	GlobalSection(SolutionProperties) = preSolution
		HideSolutionNode = FALSE
	EndGlobalSection
EndGlobal
