
Microsoft Visual Studio Solution File, Format Version 12.00
# Visual Studio 14
VisualStudioVersion = 14.0.25420.1
MinimumVisualStudioVersion = 10.0.40219.1
Project("{FAE04EC0-301F-11D3-BF4B-00C04F79EFBC}") = "Problem 1. Vehicles", "Problem 1. Vehicles\Problem 1. Vehicles.csproj", "{B6DBDB52-9A91-4DE2-BE23-095D63E90A4F}"
EndProject
Project("{FAE04EC0-301F-11D3-BF4B-00C04F79EFBC}") = "Problem 3. Wild farm", "Problem 3. Wild farm\Problem 3. Wild farm.csproj", "{24B5CDD9-72A7-445D-A0CC-4D7FBFB0C433}"
EndProject
Global
	GlobalSection(SolutionConfigurationPlatforms) = preSolution
		Debug|Any CPU = Debug|Any CPU
		Release|Any CPU = Release|Any CPU
	EndGlobalSection
	GlobalSection(ProjectConfigurationPlatforms) = postSolution
		{B6DBDB52-9A91-4DE2-BE23-095D63E90A4F}.Debug|Any CPU.ActiveCfg = Debug|Any CPU
		{B6DBDB52-9A91-4DE2-BE23-095D63E90A4F}.Debug|Any CPU.Build.0 = Debug|Any CPU
		{B6DBDB52-9A91-4DE2-BE23-095D63E90A4F}.Release|Any CPU.ActiveCfg = Release|Any CPU
		{B6DBDB52-9A91-4DE2-BE23-095D63E90A4F}.Release|Any CPU.Build.0 = Release|Any CPU
		{24B5CDD9-72A7-445D-A0CC-4D7FBFB0C433}.Debug|Any CPU.ActiveCfg = Debug|Any CPU
		{24B5CDD9-72A7-445D-A0CC-4D7FBFB0C433}.Debug|Any CPU.Build.0 = Debug|Any CPU
		{24B5CDD9-72A7-445D-A0CC-4D7FBFB0C433}.Release|Any CPU.ActiveCfg = Release|Any CPU
		{24B5CDD9-72A7-445D-A0CC-4D7FBFB0C433}.Release|Any CPU.Build.0 = Release|Any CPU
	EndGlobalSection
	GlobalSection(SolutionProperties) = preSolution
		HideSolutionNode = FALSE
	EndGlobalSection
EndGlobal
